<Solution>
  <Folder Name="/Core/">
    <Project Path="Core/Core.csproj" />
  </Folder>
  <Folder Name="/Infrastructure/">
    <Project Path="Model/Model.csproj" />
    <Project Path="Repository/Repository.csproj" Id="f418d8a6-5c64-4ef9-af1d-f156c88a0265" />
  </Folder>
  <Project Path="ClassesMetodos/ClassesMetodos.csproj" />
</Solution>
